
Microsoft Visual Studio Solution File, Format Version 12.00
# Visual Studio Version 17
VisualStudioVersion = 17.5.33530.505
MinimumVisualStudioVersion = 10.0.40219.1
Project("{FAE04EC0-301F-11D3-BF4B-00C04F79EFBC}") = "Calculator2", "Calculator2\Calculator2.csproj", "{610CC64B-BF0A-455E-B6E2-6C5529E60F0F}"
EndProject
Global
	GlobalSection(SolutionConfigurationPlatforms) = preSolution
		Debug|Any CPU = Debug|Any CPU
		Release|Any CPU = Release|Any CPU
	EndGlobalSection
	GlobalSection(ProjectConfigurationPlatforms) = postSolution
		{610CC64B-BF0A-455E-B6E2-6C5529E60F0F}.Debug|Any CPU.ActiveCfg = Debug|Any CPU
		{610CC64B-BF0A-455E-B6E2-6C5529E60F0F}.Debug|Any CPU.Build.0 = Debug|Any CPU
		{610CC64B-BF0A-455E-B6E2-6C5529E60F0F}.Release|Any CPU.ActiveCfg = Release|Any CPU
		{610CC64B-BF0A-455E-B6E2-6C5529E60F0F}.Release|Any CPU.Build.0 = Release|Any CPU
	EndGlobalSection
	GlobalSection(SolutionProperties) = preSolution
		HideSolutionNode = FALSE
	EndGlobalSection
	GlobalSection(ExtensibilityGlobals) = postSolution
		SolutionGuid = {3DD9AC16-511B-42C6-A6DC-3BE39ED76521}
	EndGlobalSection
EndGlobal
