
Microsoft Visual Studio Solution File, Format Version 12.00
# Visual Studio Version 17
VisualStudioVersion = 17.9.34728.123
MinimumVisualStudioVersion = 10.0.40219.1
Project("{FAE04EC0-301F-11D3-BF4B-00C04F79EFBC}") = "OrderManageWeb", "OrderManageWeb\OrderManageWeb.csproj", "{EA1133F2-3309-4829-B7E7-9957678E007F}"
EndProject
Global
	GlobalSection(SolutionConfigurationPlatforms) = preSolution
		Debug|Any CPU = Debug|Any CPU
		Release|Any CPU = Release|Any CPU
	EndGlobalSection
	GlobalSection(ProjectConfigurationPlatforms) = postSolution
		{EA1133F2-3309-4829-B7E7-9957678E007F}.Debug|Any CPU.ActiveCfg = Debug|Any CPU
		{EA1133F2-3309-4829-B7E7-9957678E007F}.Debug|Any CPU.Build.0 = Debug|Any CPU
		{EA1133F2-3309-4829-B7E7-9957678E007F}.Release|Any CPU.ActiveCfg = Release|Any CPU
		{EA1133F2-3309-4829-B7E7-9957678E007F}.Release|Any CPU.Build.0 = Release|Any CPU
	EndGlobalSection
	GlobalSection(SolutionProperties) = preSolution
		HideSolutionNode = FALSE
	EndGlobalSection
	GlobalSection(ExtensibilityGlobals) = postSolution
		SolutionGuid = {8B85564E-F47A-4BA5-B7DC-67F5DF601772}
	EndGlobalSection
EndGlobal
