
Microsoft Visual Studio Solution File, Format Version 12.00
# Visual Studio Version 17
VisualStudioVersion = 17.5.33530.505
MinimumVisualStudioVersion = 10.0.40219.1
Project("{FAE04EC0-301F-11D3-BF4B-00C04F79EFBC}") = "Program1", "Program1\Program1.csproj", "{31756DF1-CB26-4A28-8227-3B7CB8574E0F}"
EndProject
Global
	GlobalSection(SolutionConfigurationPlatforms) = preSolution
		Debug|Any CPU = Debug|Any CPU
		Release|Any CPU = Release|Any CPU
	EndGlobalSection
	GlobalSection(ProjectConfigurationPlatforms) = postSolution
		{31756DF1-CB26-4A28-8227-3B7CB8574E0F}.Debug|Any CPU.ActiveCfg = Debug|Any CPU
		{31756DF1-CB26-4A28-8227-3B7CB8574E0F}.Debug|Any CPU.Build.0 = Debug|Any CPU
		{31756DF1-CB26-4A28-8227-3B7CB8574E0F}.Release|Any CPU.ActiveCfg = Release|Any CPU
		{31756DF1-CB26-4A28-8227-3B7CB8574E0F}.Release|Any CPU.Build.0 = Release|Any CPU
	EndGlobalSection
	GlobalSection(SolutionProperties) = preSolution
		HideSolutionNode = FALSE
	EndGlobalSection
	GlobalSection(ExtensibilityGlobals) = postSolution
		SolutionGuid = {99BA50C7-1568-4FEF-BBF1-643C47D46D58}
	EndGlobalSection
EndGlobal
