
Microsoft Visual Studio Solution File, Format Version 12.00
# Visual Studio Version 17
VisualStudioVersion = 17.5.33530.505
MinimumVisualStudioVersion = 10.0.40219.1
Project("{FAE04EC0-301F-11D3-BF4B-00C04F79EFBC}") = "task", "task\task.csproj", "{163AFDF1-B56B-45B4-9E21-F645D8BE1EBD}"
EndProject
Global
	GlobalSection(SolutionConfigurationPlatforms) = preSolution
		Debug|Any CPU = Debug|Any CPU
		Release|Any CPU = Release|Any CPU
	EndGlobalSection
	GlobalSection(ProjectConfigurationPlatforms) = postSolution
		{163AFDF1-B56B-45B4-9E21-F645D8BE1EBD}.Debug|Any CPU.ActiveCfg = Debug|Any CPU
		{163AFDF1-B56B-45B4-9E21-F645D8BE1EBD}.Debug|Any CPU.Build.0 = Debug|Any CPU
		{163AFDF1-B56B-45B4-9E21-F645D8BE1EBD}.Release|Any CPU.ActiveCfg = Release|Any CPU
		{163AFDF1-B56B-45B4-9E21-F645D8BE1EBD}.Release|Any CPU.Build.0 = Release|Any CPU
	EndGlobalSection
	GlobalSection(SolutionProperties) = preSolution
		HideSolutionNode = FALSE
	EndGlobalSection
	GlobalSection(ExtensibilityGlobals) = postSolution
		SolutionGuid = {E82C0474-A3AB-4996-953B-1D774AECCD96}
	EndGlobalSection
EndGlobal
